
Microsoft Visual Studio Solution File, Format Version 12.00
# Visual Studio Version 16
VisualStudioVersion = 16.0.29409.12
MinimumVisualStudioVersion = 10.0.40219.1
Project("{FAE04EC0-301F-11D3-BF4B-00C04F79EFBC}") = "Consumindo API", "Consumindo API\Consumindo API.csproj", "{5A0C87FE-97B9-4BAF-8FD4-D1F12237E99E}"
EndProject
Global
	GlobalSection(SolutionConfigurationPlatforms) = preSolution
		Debug|Any CPU = Debug|Any CPU
		Release|Any CPU = Release|Any CPU
	EndGlobalSection
	GlobalSection(ProjectConfigurationPlatforms) = postSolution
		{5A0C87FE-97B9-4BAF-8FD4-D1F12237E99E}.Debug|Any CPU.ActiveCfg = Debug|Any CPU
		{5A0C87FE-97B9-4BAF-8FD4-D1F12237E99E}.Debug|Any CPU.Build.0 = Debug|Any CPU
		{5A0C87FE-97B9-4BAF-8FD4-D1F12237E99E}.Release|Any CPU.ActiveCfg = Release|Any CPU
		{5A0C87FE-97B9-4BAF-8FD4-D1F12237E99E}.Release|Any CPU.Build.0 = Release|Any CPU
	EndGlobalSection
	GlobalSection(SolutionProperties) = preSolution
		HideSolutionNode = FALSE
	EndGlobalSection
	GlobalSection(ExtensibilityGlobals) = postSolution
		SolutionGuid = {E2393034-AF31-485A-9BAB-D5446C0A5D6E}
	EndGlobalSection
EndGlobal
